// !$*UTF8*$!
{
	archiveVersion = 1;
	classes = {
	};
	objectVersion = 46;
	objects = {

/* Begin PBXBuildFile section */
		F20154391CB84BDF00AB9955 /* MyQueueTests.m in Sources */ = {isa = PBXBuildFile; fileRef = F20154381CB84BDF00AB9955 /* MyQueueTests.m */; };
		F201543B1CB8518A00AB9955 /* MyStackTests.m in Sources */ = {isa = PBXBuildFile; fileRef = F201543A1CB8518A00AB9955 /* MyStackTests.m */; };
		F203D3FA1CB451ED0067A092 /* main.m in Sources */ = {isa = PBXBuildFile; fileRef = F203D3F91CB451ED0067A092 /* main.m */; };
		F203D3FD1CB451ED0067A092 /* AppDelegate.m in Sources */ = {isa = PBXBuildFile; fileRef = F203D3FC1CB451ED0067A092 /* AppDelegate.m */; };
		F203D4001CB451ED0067A092 /* ViewController.m in Sources */ = {isa = PBXBuildFile; fileRef = F203D3FF1CB451ED0067A092 /* ViewController.m */; };
		F203D4031CB451ED0067A092 /* Main.storyboard in Resources */ = {isa = PBXBuildFile; fileRef = F203D4011CB451ED0067A092 /* Main.storyboard */; };
		F203D4051CB451ED0067A092 /* Assets.xcassets in Resources */ = {isa = PBXBuildFile; fileRef = F203D4041CB451ED0067A092 /* Assets.xcassets */; };
		F203D4081CB451ED0067A092 /* LaunchScreen.storyboard in Resources */ = {isa = PBXBuildFile; fileRef = F203D4061CB451ED0067A092 /* LaunchScreen.storyboard */; };
		F203D4131CB451ED0067A092 /* Data_Structure_PracticeTests.m in Sources */ = {isa = PBXBuildFile; fileRef = F203D4121CB451ED0067A092 /* Data_Structure_PracticeTests.m */; };
		F203D4221CB452AE0067A092 /* MySinglyLinkedLists.m in Sources */ = {isa = PBXBuildFile; fileRef = F203D4211CB452AE0067A092 /* MySinglyLinkedLists.m */; };
		F203D4241CB453430067A092 /* MySinglyLinkedListTests.m in Sources */ = {isa = PBXBuildFile; fileRef = F203D4231CB453430067A092 /* MySinglyLinkedListTests.m */; };
		F21D03B31CE258F9000D2EF9 /* SelfBalancingTree.c in Sources */ = {isa = PBXBuildFile; fileRef = F21D03B11CE258F9000D2EF9 /* SelfBalancingTree.c */; };
		F21D03B61CE25AFE000D2EF9 /* SelfBalancingTreeTests.m in Sources */ = {isa = PBXBuildFile; fileRef = F21D03B51CE25AFE000D2EF9 /* SelfBalancingTreeTests.m */; };
		F21D03B81CE25BBB000D2EF9 /* SelfBalancingTreeTestCase0Input.txt in Resources */ = {isa = PBXBuildFile; fileRef = F21D03B71CE25BBB000D2EF9 /* SelfBalancingTreeTestCase0Input.txt */; };
		F21D03BA1CE25BD0000D2EF9 /* SelfBalancingTreeTestCase0Output.txt in Resources */ = {isa = PBXBuildFile; fileRef = F21D03B91CE25BD0000D2EF9 /* SelfBalancingTreeTestCase0Output.txt */; };
		F21D03BC1CE26B79000D2EF9 /* SelfBalancingTreeTestCase1Input.txt in Resources */ = {isa = PBXBuildFile; fileRef = F21D03BB1CE26B79000D2EF9 /* SelfBalancingTreeTestCase1Input.txt */; };
		F21D03BE1CE26B92000D2EF9 /* SelfBalancingTreeTestCase1Output.txt in Resources */ = {isa = PBXBuildFile; fileRef = F21D03BD1CE26B92000D2EF9 /* SelfBalancingTreeTestCase1Output.txt */; };
		F220C09E1CB561EE00705F52 /* MyStacks.m in Sources */ = {isa = PBXBuildFile; fileRef = F220C09D1CB561EE00705F52 /* MyStacks.m */; };
		F220C0A11CB5621100705F52 /* MyQueues.m in Sources */ = {isa = PBXBuildFile; fileRef = F220C0A01CB5621100705F52 /* MyQueues.m */; };
		F220C0A41CB5622500705F52 /* MyChainedHashTables.m in Sources */ = {isa = PBXBuildFile; fileRef = F220C0A31CB5622500705F52 /* MyChainedHashTables.m */; };
		F220C0A71CB5623300705F52 /* MyBinaryTrees.m in Sources */ = {isa = PBXBuildFile; fileRef = F220C0A61CB5623300705F52 /* MyBinaryTrees.m */; };
		F220C0AA1CB5624600705F52 /* MyBinarySearchTrees.m in Sources */ = {isa = PBXBuildFile; fileRef = F220C0A91CB5624600705F52 /* MyBinarySearchTrees.m */; };
		F220C0AD1CB5639A00705F52 /* MyDoublyLinkedLists.m in Sources */ = {isa = PBXBuildFile; fileRef = F220C0AC1CB5639A00705F52 /* MyDoublyLinkedLists.m */; };
		F220C0B01CB563A600705F52 /* MyHeaps.m in Sources */ = {isa = PBXBuildFile; fileRef = F220C0AF1CB563A600705F52 /* MyHeaps.m */; };
		F22720A11CBC4F620018F104 /* MyBinaryTreeTests.m in Sources */ = {isa = PBXBuildFile; fileRef = F22720A01CBC4F620018F104 /* MyBinaryTreeTests.m */; };
		F22720A51CBD7F260018F104 /* MyBinarySearchTreeTests.m in Sources */ = {isa = PBXBuildFile; fileRef = F22720A41CBD7F260018F104 /* MyBinarySearchTreeTests.m */; };
		F24D67501CD02BB400B25E3C /* BearAndSteadyGene.c in Sources */ = {isa = PBXBuildFile; fileRef = F24D674E1CD02BB400B25E3C /* BearAndSteadyGene.c */; };
		F24D67521CD02DCF00B25E3C /* BearAndSteadyGeneTests.m in Sources */ = {isa = PBXBuildFile; fileRef = F24D67511CD02DCF00B25E3C /* BearAndSteadyGeneTests.m */; };
		F25124C81CC0310D0013D167 /* MyDataStructureUtils.m in Sources */ = {isa = PBXBuildFile; fileRef = F25124C71CC0310D0013D167 /* MyDataStructureUtils.m */; };
		F25124CB1CC057380013D167 /* PracticeQuestions.m in Sources */ = {isa = PBXBuildFile; fileRef = F25124CA1CC057380013D167 /* PracticeQuestions.m */; };
		F2574DEA1CDBFE0D00A9054E /* CoreFoundation.framework in Frameworks */ = {isa = PBXBuildFile; fileRef = F2574DE81CDBFE0D00A9054E /* CoreFoundation.framework */; };
		F2574DEB1CDBFE0D00A9054E /* Foundation.framework in Frameworks */ = {isa = PBXBuildFile; fileRef = F2574DE91CDBFE0D00A9054E /* Foundation.framework */; };
		F2574DEE1CDBFE3D00A9054E /* TestingIOUtilities.m in Sources */ = {isa = PBXBuildFile; fileRef = F2574DED1CDBFE3D00A9054E /* TestingIOUtilities.m */; };
		F2574DF01CDC009200A9054E /* SnakesAndLaddersTestCase0Output.txt in Resources */ = {isa = PBXBuildFile; fileRef = F2574DEF1CDC009200A9054E /* SnakesAndLaddersTestCase0Output.txt */; };
		F2574DF21CDC00E300A9054E /* SnakesAndLaddersTestCase1Output.txt in Resources */ = {isa = PBXBuildFile; fileRef = F2574DF11CDC00E300A9054E /* SnakesAndLaddersTestCase1Output.txt */; };
		F2827FAC1CCACF4D00726A38 /* StringPermutations.m in Sources */ = {isa = PBXBuildFile; fileRef = F2827FAB1CCACF4D00726A38 /* StringPermutations.m */; };
		F2827FAF1CCAD03100726A38 /* StringPermutationsTests.m in Sources */ = {isa = PBXBuildFile; fileRef = F2827FAE1CCAD03100726A38 /* StringPermutationsTests.m */; };
		F295E2A61CB5BEEE00A59E86 /* MyChainedHashTableTests.m in Sources */ = {isa = PBXBuildFile; fileRef = F295E2A51CB5BEEE00A59E86 /* MyChainedHashTableTests.m */; };
		F2ABD9941CDF172B003EFC8A /* SnakesAndLaddersTestCase2Input.txt in Resources */ = {isa = PBXBuildFile; fileRef = F2ABD9931CDF172B003EFC8A /* SnakesAndLaddersTestCase2Input.txt */; };
		F2ABD9961CDF1745003EFC8A /* SnakesAndLaddersTestCase2Output.txt in Resources */ = {isa = PBXBuildFile; fileRef = F2ABD9951CDF1745003EFC8A /* SnakesAndLaddersTestCase2Output.txt */; };
		F2ABD9981CDF185A003EFC8A /* SnakesAndLaddersTestCase6Input.txt in Resources */ = {isa = PBXBuildFile; fileRef = F2ABD9971CDF185A003EFC8A /* SnakesAndLaddersTestCase6Input.txt */; };
		F2ABD99A1CDF187F003EFC8A /* SnakesAndLaddersTestCase6Output.txt in Resources */ = {isa = PBXBuildFile; fileRef = F2ABD9991CDF187F003EFC8A /* SnakesAndLaddersTestCase6Output.txt */; };
		F2ABD99C1CDF18AB003EFC8A /* SnakesAndLaddersTestCase3Input.txt in Resources */ = {isa = PBXBuildFile; fileRef = F2ABD99B1CDF18AB003EFC8A /* SnakesAndLaddersTestCase3Input.txt */; };
		F2ABD99E1CDF18C1003EFC8A /* SnakesAndLaddersTestCase3Output.txt in Resources */ = {isa = PBXBuildFile; fileRef = F2ABD99D1CDF18C1003EFC8A /* SnakesAndLaddersTestCase3Output.txt */; };
		F2ABD9A31CDFE937003EFC8A /* SnakesAndLaddersTestCase4Input.txt in Resources */ = {isa = PBXBuildFile; fileRef = F2ABD9A21CDFE937003EFC8A /* SnakesAndLaddersTestCase4Input.txt */; };
		F2ABD9A51CDFE965003EFC8A /* SnakesAndLaddersTestCase4Output.txt in Resources */ = {isa = PBXBuildFile; fileRef = F2ABD9A41CDFE965003EFC8A /* SnakesAndLaddersTestCase4Output.txt */; };
		F2ABD9A71CDFEA3B003EFC8A /* SnakesAndLaddersTestCase5Input.txt in Resources */ = {isa = PBXBuildFile; fileRef = F2ABD9A61CDFEA3B003EFC8A /* SnakesAndLaddersTestCase5Input.txt */; };
		F2ABD9A91CDFEA66003EFC8A /* SnakesAndLaddersTestCase5Output.txt in Resources */ = {isa = PBXBuildFile; fileRef = F2ABD9A81CDFEA66003EFC8A /* SnakesAndLaddersTestCase5Output.txt */; };
		F2FE7C7A1CDAB45C00C95101 /* SnakesAndLaddersTests.m in Sources */ = {isa = PBXBuildFile; fileRef = F2FE7C791CDAB45C00C95101 /* SnakesAndLaddersTests.m */; };
		F2FE7C7E1CDAB49000C95101 /* TestCaseIOUtils.c in Sources */ = {isa = PBXBuildFile; fileRef = F2FE7C7C1CDAB49000C95101 /* TestCaseIOUtils.c */; };
		F2FE7C801CDAB87000C95101 /* SnakesAndLaddersTestCase0Input.txt in Resources */ = {isa = PBXBuildFile; fileRef = F2FE7C7F1CDAB87000C95101 /* SnakesAndLaddersTestCase0Input.txt */; };
		F2FE7C831CDABFE600C95101 /* SnakesAndLadders.c in Sources */ = {isa = PBXBuildFile; fileRef = F2FE7C811CDABFE600C95101 /* SnakesAndLadders.c */; };
		F2FE7C851CDACAE300C95101 /* SnakesAndLaddersTestCase1Input.txt in Resources */ = {isa = PBXBuildFile; fileRef = F2FE7C841CDACAE300C95101 /* SnakesAndLaddersTestCase1Input.txt */; };
/* End PBXBuildFile section */

/* Begin PBXContainerItemProxy section */
		F203D40F1CB451ED0067A092 /* PBXContainerItemProxy */ = {
			isa = PBXContainerItemProxy;
			containerPortal = F203D3ED1CB451ED0067A092 /* Project object */;
			proxyType = 1;
			remoteGlobalIDString = F203D3F41CB451ED0067A092;
			remoteInfo = "Data Structure Practice";
		};
/* End PBXContainerItemProxy section */

/* Begin PBXFileReference section */
		F20154381CB84BDF00AB9955 /* MyQueueTests.m */ = {isa = PBXFileReference; fileEncoding = 4; lastKnownFileType = sourcecode.c.objc; path = MyQueueTests.m; sourceTree = "<group>"; };
		F201543A1CB8518A00AB9955 /* MyStackTests.m */ = {isa = PBXFileReference; fileEncoding = 4; lastKnownFileType = sourcecode.c.objc; path = MyStackTests.m; sourceTree = "<group>"; };
		F203D3F51CB451ED0067A092 /* Data Structure Practice.app */ = {isa = PBXFileReference; explicitFileType = wrapper.application; includeInIndex = 0; path = "Data Structure Practice.app"; sourceTree = BUILT_PRODUCTS_DIR; };
		F203D3F91CB451ED0067A092 /* main.m */ = {isa = PBXFileReference; lastKnownFileType = sourcecode.c.objc; path = main.m; sourceTree = "<group>"; };
		F203D3FB1CB451ED0067A092 /* AppDelegate.h */ = {isa = PBXFileReference; lastKnownFileType = sourcecode.c.h; path = AppDelegate.h; sourceTree = "<group>"; };
		F203D3FC1CB451ED0067A092 /* AppDelegate.m */ = {isa = PBXFileReference; lastKnownFileType = sourcecode.c.objc; path = AppDelegate.m; sourceTree = "<group>"; };
		F203D3FE1CB451ED0067A092 /* ViewController.h */ = {isa = PBXFileReference; lastKnownFileType = sourcecode.c.h; path = ViewController.h; sourceTree = "<group>"; };
		F203D3FF1CB451ED0067A092 /* ViewController.m */ = {isa = PBXFileReference; lastKnownFileType = sourcecode.c.objc; path = ViewController.m; sourceTree = "<group>"; };
		F203D4021CB451ED0067A092 /* Base */ = {isa = PBXFileReference; lastKnownFileType = file.storyboard; name = Base; path = Base.lproj/Main.storyboard; sourceTree = "<group>"; };
		F203D4041CB451ED0067A092 /* Assets.xcassets */ = {isa = PBXFileReference; lastKnownFileType = folder.assetcatalog; path = Assets.xcassets; sourceTree = "<group>"; };
		F203D4071CB451ED0067A092 /* Base */ = {isa = PBXFileReference; lastKnownFileType = file.storyboard; name = Base; path = Base.lproj/LaunchScreen.storyboard; sourceTree = "<group>"; };
		F203D4091CB451ED0067A092 /* Info.plist */ = {isa = PBXFileReference; lastKnownFileType = text.plist.xml; path = Info.plist; sourceTree = "<group>"; };
		F203D40E1CB451ED0067A092 /* Data Structure PracticeTests.xctest */ = {isa = PBXFileReference; explicitFileType = wrapper.cfbundle; includeInIndex = 0; path = "Data Structure PracticeTests.xctest"; sourceTree = BUILT_PRODUCTS_DIR; };
		F203D4121CB451ED0067A092 /* Data_Structure_PracticeTests.m */ = {isa = PBXFileReference; lastKnownFileType = sourcecode.c.objc; path = Data_Structure_PracticeTests.m; sourceTree = "<group>"; };
		F203D4141CB451ED0067A092 /* Info.plist */ = {isa = PBXFileReference; lastKnownFileType = text.plist.xml; path = Info.plist; sourceTree = "<group>"; };
		F203D4201CB452AE0067A092 /* MySinglyLinkedLists.h */ = {isa = PBXFileReference; fileEncoding = 4; lastKnownFileType = sourcecode.c.h; path = MySinglyLinkedLists.h; sourceTree = "<group>"; };
		F203D4211CB452AE0067A092 /* MySinglyLinkedLists.m */ = {isa = PBXFileReference; fileEncoding = 4; lastKnownFileType = sourcecode.c.objc; path = MySinglyLinkedLists.m; sourceTree = "<group>"; };
		F203D4231CB453430067A092 /* MySinglyLinkedListTests.m */ = {isa = PBXFileReference; fileEncoding = 4; lastKnownFileType = sourcecode.c.objc; path = MySinglyLinkedListTests.m; sourceTree = "<group>"; };
		F21D03B11CE258F9000D2EF9 /* SelfBalancingTree.c */ = {isa = PBXFileReference; fileEncoding = 4; lastKnownFileType = sourcecode.c.c; path = SelfBalancingTree.c; sourceTree = "<group>"; };
		F21D03B21CE258F9000D2EF9 /* SelfBalancingTree.h */ = {isa = PBXFileReference; fileEncoding = 4; lastKnownFileType = sourcecode.c.h; path = SelfBalancingTree.h; sourceTree = "<group>"; };
		F21D03B51CE25AFE000D2EF9 /* SelfBalancingTreeTests.m */ = {isa = PBXFileReference; fileEncoding = 4; lastKnownFileType = sourcecode.c.objc; path = SelfBalancingTreeTests.m; sourceTree = "<group>"; };
		F21D03B71CE25BBB000D2EF9 /* SelfBalancingTreeTestCase0Input.txt */ = {isa = PBXFileReference; fileEncoding = 4; lastKnownFileType = text; path = SelfBalancingTreeTestCase0Input.txt; sourceTree = "<group>"; };
		F21D03B91CE25BD0000D2EF9 /* SelfBalancingTreeTestCase0Output.txt */ = {isa = PBXFileReference; fileEncoding = 4; lastKnownFileType = text; path = SelfBalancingTreeTestCase0Output.txt; sourceTree = "<group>"; };
		F21D03BB1CE26B79000D2EF9 /* SelfBalancingTreeTestCase1Input.txt */ = {isa = PBXFileReference; fileEncoding = 4; lastKnownFileType = text; path = SelfBalancingTreeTestCase1Input.txt; sourceTree = "<group>"; };
		F21D03BD1CE26B92000D2EF9 /* SelfBalancingTreeTestCase1Output.txt */ = {isa = PBXFileReference; fileEncoding = 4; lastKnownFileType = text; path = SelfBalancingTreeTestCase1Output.txt; sourceTree = "<group>"; };
		F220C09C1CB561EE00705F52 /* MyStacks.h */ = {isa = PBXFileReference; fileEncoding = 4; lastKnownFileType = sourcecode.c.h; path = MyStacks.h; sourceTree = "<group>"; };
		F220C09D1CB561EE00705F52 /* MyStacks.m */ = {isa = PBXFileReference; fileEncoding = 4; lastKnownFileType = sourcecode.c.objc; path = MyStacks.m; sourceTree = "<group>"; };
		F220C09F1CB5621100705F52 /* MyQueues.h */ = {isa = PBXFileReference; fileEncoding = 4; lastKnownFileType = sourcecode.c.h; path = MyQueues.h; sourceTree = "<group>"; };
		F220C0A01CB5621100705F52 /* MyQueues.m */ = {isa = PBXFileReference; fileEncoding = 4; lastKnownFileType = sourcecode.c.objc; path = MyQueues.m; sourceTree = "<group>"; };
		F220C0A21CB5622500705F52 /* MyChainedHashTables.h */ = {isa = PBXFileReference; fileEncoding = 4; lastKnownFileType = sourcecode.c.h; path = MyChainedHashTables.h; sourceTree = "<group>"; };
		F220C0A31CB5622500705F52 /* MyChainedHashTables.m */ = {isa = PBXFileReference; fileEncoding = 4; lastKnownFileType = sourcecode.c.objc; path = MyChainedHashTables.m; sourceTree = "<group>"; };
		F220C0A51CB5623300705F52 /* MyBinaryTrees.h */ = {isa = PBXFileReference; fileEncoding = 4; lastKnownFileType = sourcecode.c.h; path = MyBinaryTrees.h; sourceTree = "<group>"; };
		F220C0A61CB5623300705F52 /* MyBinaryTrees.m */ = {isa = PBXFileReference; fileEncoding = 4; lastKnownFileType = sourcecode.c.objc; path = MyBinaryTrees.m; sourceTree = "<group>"; };
		F220C0A81CB5624600705F52 /* MyBinarySearchTrees.h */ = {isa = PBXFileReference; fileEncoding = 4; lastKnownFileType = sourcecode.c.h; path = MyBinarySearchTrees.h; sourceTree = "<group>"; };
		F220C0A91CB5624600705F52 /* MyBinarySearchTrees.m */ = {isa = PBXFileReference; fileEncoding = 4; lastKnownFileType = sourcecode.c.objc; path = MyBinarySearchTrees.m; sourceTree = "<group>"; };
		F220C0AB1CB5639A00705F52 /* MyDoublyLinkedLists.h */ = {isa = PBXFileReference; fileEncoding = 4; lastKnownFileType = sourcecode.c.h; path = MyDoublyLinkedLists.h; sourceTree = "<group>"; };
		F220C0AC1CB5639A00705F52 /* MyDoublyLinkedLists.m */ = {isa = PBXFileReference; fileEncoding = 4; lastKnownFileType = sourcecode.c.objc; path = MyDoublyLinkedLists.m; sourceTree = "<group>"; };
		F220C0AE1CB563A600705F52 /* MyHeaps.h */ = {isa = PBXFileReference; fileEncoding = 4; lastKnownFileType = sourcecode.c.h; path = MyHeaps.h; sourceTree = "<group>"; };
		F220C0AF1CB563A600705F52 /* MyHeaps.m */ = {isa = PBXFileReference; fileEncoding = 4; lastKnownFileType = sourcecode.c.objc; path = MyHeaps.m; sourceTree = "<group>"; };
		F22720A01CBC4F620018F104 /* MyBinaryTreeTests.m */ = {isa = PBXFileReference; fileEncoding = 4; lastKnownFileType = sourcecode.c.objc; path = MyBinaryTreeTests.m; sourceTree = "<group>"; };
		F22720A41CBD7F260018F104 /* MyBinarySearchTreeTests.m */ = {isa = PBXFileReference; fileEncoding = 4; lastKnownFileType = sourcecode.c.objc; path = MyBinarySearchTreeTests.m; sourceTree = "<group>"; };
		F24D674E1CD02BB400B25E3C /* BearAndSteadyGene.c */ = {isa = PBXFileReference; fileEncoding = 4; lastKnownFileType = sourcecode.c.c; path = BearAndSteadyGene.c; sourceTree = "<group>"; };
		F24D674F1CD02BB400B25E3C /* BearAndSteadyGene.h */ = {isa = PBXFileReference; fileEncoding = 4; lastKnownFileType = sourcecode.c.h; path = BearAndSteadyGene.h; sourceTree = "<group>"; };
		F24D67511CD02DCF00B25E3C /* BearAndSteadyGeneTests.m */ = {isa = PBXFileReference; fileEncoding = 4; lastKnownFileType = sourcecode.c.objc; path = BearAndSteadyGeneTests.m; sourceTree = "<group>"; };
		F25124C61CC0310D0013D167 /* MyDataStructureUtils.h */ = {isa = PBXFileReference; fileEncoding = 4; lastKnownFileType = sourcecode.c.h; path = MyDataStructureUtils.h; sourceTree = "<group>"; };
		F25124C71CC0310D0013D167 /* MyDataStructureUtils.m */ = {isa = PBXFileReference; fileEncoding = 4; lastKnownFileType = sourcecode.c.objc; path = MyDataStructureUtils.m; sourceTree = "<group>"; };
		F25124C91CC034370013D167 /* MyDataStructures.h */ = {isa = PBXFileReference; lastKnownFileType = sourcecode.c.h; name = MyDataStructures.h; path = "Data Structure PracticeTests/MyDataStructures.h"; sourceTree = SOURCE_ROOT; };
		F25124CA1CC057380013D167 /* PracticeQuestions.m */ = {isa = PBXFileReference; fileEncoding = 4; lastKnownFileType = sourcecode.c.objc; path = PracticeQuestions.m; sourceTree = "<group>"; };
		F2574DE81CDBFE0D00A9054E /* CoreFoundation.framework */ = {isa = PBXFileReference; lastKnownFileType = wrapper.framework; name = CoreFoundation.framework; path = System/Library/Frameworks/CoreFoundation.framework; sourceTree = SDKROOT; };
		F2574DE91CDBFE0D00A9054E /* Foundation.framework */ = {isa = PBXFileReference; lastKnownFileType = wrapper.framework; name = Foundation.framework; path = System/Library/Frameworks/Foundation.framework; sourceTree = SDKROOT; };
		F2574DEC1CDBFE3D00A9054E /* TestingIOUtilities.h */ = {isa = PBXFileReference; fileEncoding = 4; lastKnownFileType = sourcecode.c.h; path = TestingIOUtilities.h; sourceTree = "<group>"; };
		F2574DED1CDBFE3D00A9054E /* TestingIOUtilities.m */ = {isa = PBXFileReference; fileEncoding = 4; lastKnownFileType = sourcecode.c.objc; path = TestingIOUtilities.m; sourceTree = "<group>"; };
		F2574DEF1CDC009200A9054E /* SnakesAndLaddersTestCase0Output.txt */ = {isa = PBXFileReference; fileEncoding = 4; lastKnownFileType = text; name = SnakesAndLaddersTestCase0Output.txt; path = ../../Desktop/SnakesAndLaddersTestCase0Output.txt; sourceTree = "<group>"; };
		F2574DF11CDC00E300A9054E /* SnakesAndLaddersTestCase1Output.txt */ = {isa = PBXFileReference; fileEncoding = 4; lastKnownFileType = text; path = SnakesAndLaddersTestCase1Output.txt; sourceTree = "<group>"; };
		F2827FAB1CCACF4D00726A38 /* StringPermutations.m */ = {isa = PBXFileReference; fileEncoding = 4; lastKnownFileType = sourcecode.c.objc; path = StringPermutations.m; sourceTree = "<group>"; };
		F2827FAD1CCACF6900726A38 /* StringPermutations.h */ = {isa = PBXFileReference; lastKnownFileType = sourcecode.c.h; path = StringPermutations.h; sourceTree = "<group>"; };
		F2827FAE1CCAD03100726A38 /* StringPermutationsTests.m */ = {isa = PBXFileReference; fileEncoding = 4; lastKnownFileType = sourcecode.c.objc; path = StringPermutationsTests.m; sourceTree = "<group>"; };
		F295E2A51CB5BEEE00A59E86 /* MyChainedHashTableTests.m */ = {isa = PBXFileReference; fileEncoding = 4; lastKnownFileType = sourcecode.c.objc; path = MyChainedHashTableTests.m; sourceTree = "<group>"; };
		F2ABD9931CDF172B003EFC8A /* SnakesAndLaddersTestCase2Input.txt */ = {isa = PBXFileReference; fileEncoding = 4; lastKnownFileType = text; path = SnakesAndLaddersTestCase2Input.txt; sourceTree = "<group>"; };
		F2ABD9951CDF1745003EFC8A /* SnakesAndLaddersTestCase2Output.txt */ = {isa = PBXFileReference; fileEncoding = 4; lastKnownFileType = text; path = SnakesAndLaddersTestCase2Output.txt; sourceTree = "<group>"; };
		F2ABD9971CDF185A003EFC8A /* SnakesAndLaddersTestCase6Input.txt */ = {isa = PBXFileReference; fileEncoding = 4; lastKnownFileType = text; path = SnakesAndLaddersTestCase6Input.txt; sourceTree = "<group>"; };
		F2ABD9991CDF187F003EFC8A /* SnakesAndLaddersTestCase6Output.txt */ = {isa = PBXFileReference; fileEncoding = 4; lastKnownFileType = text; path = SnakesAndLaddersTestCase6Output.txt; sourceTree = "<group>"; };
		F2ABD99B1CDF18AB003EFC8A /* SnakesAndLaddersTestCase3Input.txt */ = {isa = PBXFileReference; fileEncoding = 4; lastKnownFileType = text; path = SnakesAndLaddersTestCase3Input.txt; sourceTree = "<group>"; };
		F2ABD99D1CDF18C1003EFC8A /* SnakesAndLaddersTestCase3Output.txt */ = {isa = PBXFileReference; fileEncoding = 4; lastKnownFileType = text; path = SnakesAndLaddersTestCase3Output.txt; sourceTree = "<group>"; };
		F2ABD9A21CDFE937003EFC8A /* SnakesAndLaddersTestCase4Input.txt */ = {isa = PBXFileReference; fileEncoding = 4; lastKnownFileType = text; path = SnakesAndLaddersTestCase4Input.txt; sourceTree = "<group>"; };
		F2ABD9A41CDFE965003EFC8A /* SnakesAndLaddersTestCase4Output.txt */ = {isa = PBXFileReference; fileEncoding = 4; lastKnownFileType = text; path = SnakesAndLaddersTestCase4Output.txt; sourceTree = "<group>"; };
		F2ABD9A61CDFEA3B003EFC8A /* SnakesAndLaddersTestCase5Input.txt */ = {isa = PBXFileReference; fileEncoding = 4; lastKnownFileType = text; path = SnakesAndLaddersTestCase5Input.txt; sourceTree = "<group>"; };
		F2ABD9A81CDFEA66003EFC8A /* SnakesAndLaddersTestCase5Output.txt */ = {isa = PBXFileReference; fileEncoding = 4; lastKnownFileType = text; path = SnakesAndLaddersTestCase5Output.txt; sourceTree = "<group>"; };
		F2FE7C791CDAB45C00C95101 /* SnakesAndLaddersTests.m */ = {isa = PBXFileReference; fileEncoding = 4; lastKnownFileType = sourcecode.c.objc; path = SnakesAndLaddersTests.m; sourceTree = "<group>"; };
		F2FE7C7C1CDAB49000C95101 /* TestCaseIOUtils.c */ = {isa = PBXFileReference; fileEncoding = 4; lastKnownFileType = sourcecode.c.c; path = TestCaseIOUtils.c; sourceTree = "<group>"; };
		F2FE7C7D1CDAB49000C95101 /* TestCaseIOUtils.h */ = {isa = PBXFileReference; fileEncoding = 4; lastKnownFileType = sourcecode.c.h; path = TestCaseIOUtils.h; sourceTree = "<group>"; };
		F2FE7C7F1CDAB87000C95101 /* SnakesAndLaddersTestCase0Input.txt */ = {isa = PBXFileReference; fileEncoding = 4; lastKnownFileType = text; path = SnakesAndLaddersTestCase0Input.txt; sourceTree = "<group>"; };
		F2FE7C811CDABFE600C95101 /* SnakesAndLadders.c */ = {isa = PBXFileReference; fileEncoding = 4; lastKnownFileType = sourcecode.c.c; path = SnakesAndLadders.c; sourceTree = "<group>"; };
		F2FE7C821CDABFE600C95101 /* SnakesAndLadders.h */ = {isa = PBXFileReference; fileEncoding = 4; lastKnownFileType = sourcecode.c.h; path = SnakesAndLadders.h; sourceTree = "<group>"; };
		F2FE7C841CDACAE300C95101 /* SnakesAndLaddersTestCase1Input.txt */ = {isa = PBXFileReference; fileEncoding = 4; lastKnownFileType = text; path = SnakesAndLaddersTestCase1Input.txt; sourceTree = "<group>"; };
/* End PBXFileReference section */

/* Begin PBXFrameworksBuildPhase section */
		F203D3F21CB451ED0067A092 /* Frameworks */ = {
			isa = PBXFrameworksBuildPhase;
			buildActionMask = 2147483647;
			files = (
				F2574DEA1CDBFE0D00A9054E /* CoreFoundation.framework in Frameworks */,
				F2574DEB1CDBFE0D00A9054E /* Foundation.framework in Frameworks */,
			);
			runOnlyForDeploymentPostprocessing = 0;
		};
		F203D40B1CB451ED0067A092 /* Frameworks */ = {
			isa = PBXFrameworksBuildPhase;
			buildActionMask = 2147483647;
			files = (
			);
			runOnlyForDeploymentPostprocessing = 0;
		};
/* End PBXFrameworksBuildPhase section */

/* Begin PBXGroup section */
		F203D3EC1CB451ED0067A092 = {
			isa = PBXGroup;
			children = (
				F2574DE81CDBFE0D00A9054E /* CoreFoundation.framework */,
				F2574DE91CDBFE0D00A9054E /* Foundation.framework */,
				F203D3F71CB451ED0067A092 /* Data Structure Practice */,
				F203D4111CB451ED0067A092 /* Data Structure PracticeTests */,
				F203D3F61CB451ED0067A092 /* Products */,
			);
			sourceTree = "<group>";
		};
		F203D3F61CB451ED0067A092 /* Products */ = {
			isa = PBXGroup;
			children = (
				F203D3F51CB451ED0067A092 /* Data Structure Practice.app */,
				F203D40E1CB451ED0067A092 /* Data Structure PracticeTests.xctest */,
			);
			name = Products;
			sourceTree = "<group>";
		};
		F203D3F71CB451ED0067A092 /* Data Structure Practice */ = {
			isa = PBXGroup;
			children = (
				F203D3FB1CB451ED0067A092 /* AppDelegate.h */,
				F203D3FC1CB451ED0067A092 /* AppDelegate.m */,
				F203D3FE1CB451ED0067A092 /* ViewController.h */,
				F203D3FF1CB451ED0067A092 /* ViewController.m */,
				F2574DEC1CDBFE3D00A9054E /* TestingIOUtilities.h */,
				F2574DED1CDBFE3D00A9054E /* TestingIOUtilities.m */,
				F2FE7C7C1CDAB49000C95101 /* TestCaseIOUtils.c */,
				F2FE7C7D1CDAB49000C95101 /* TestCaseIOUtils.h */,
				F24D674E1CD02BB400B25E3C /* BearAndSteadyGene.c */,
				F24D674F1CD02BB400B25E3C /* BearAndSteadyGene.h */,
				F2827FAD1CCACF6900726A38 /* StringPermutations.h */,
				F2827FAB1CCACF4D00726A38 /* StringPermutations.m */,
				F25124C91CC034370013D167 /* MyDataStructures.h */,
				F25124C61CC0310D0013D167 /* MyDataStructureUtils.h */,
				F25124C71CC0310D0013D167 /* MyDataStructureUtils.m */,
				F203D4201CB452AE0067A092 /* MySinglyLinkedLists.h */,
				F203D4211CB452AE0067A092 /* MySinglyLinkedLists.m */,
				F220C0AB1CB5639A00705F52 /* MyDoublyLinkedLists.h */,
				F220C0AC1CB5639A00705F52 /* MyDoublyLinkedLists.m */,
				F220C09C1CB561EE00705F52 /* MyStacks.h */,
				F220C09D1CB561EE00705F52 /* MyStacks.m */,
				F220C09F1CB5621100705F52 /* MyQueues.h */,
				F220C0A01CB5621100705F52 /* MyQueues.m */,
				F220C0A21CB5622500705F52 /* MyChainedHashTables.h */,
				F220C0A31CB5622500705F52 /* MyChainedHashTables.m */,
				F220C0A51CB5623300705F52 /* MyBinaryTrees.h */,
				F220C0A61CB5623300705F52 /* MyBinaryTrees.m */,
				F220C0A81CB5624600705F52 /* MyBinarySearchTrees.h */,
				F220C0A91CB5624600705F52 /* MyBinarySearchTrees.m */,
				F220C0AE1CB563A600705F52 /* MyHeaps.h */,
				F220C0AF1CB563A600705F52 /* MyHeaps.m */,
				F203D4011CB451ED0067A092 /* Main.storyboard */,
				F203D4041CB451ED0067A092 /* Assets.xcassets */,
				F203D4061CB451ED0067A092 /* LaunchScreen.storyboard */,
				F203D4091CB451ED0067A092 /* Info.plist */,
				F203D3F81CB451ED0067A092 /* Supporting Files */,
				F2FE7C811CDABFE600C95101 /* SnakesAndLadders.c */,
				F2FE7C821CDABFE600C95101 /* SnakesAndLadders.h */,
				F21D03B11CE258F9000D2EF9 /* SelfBalancingTree.c */,
				F21D03B21CE258F9000D2EF9 /* SelfBalancingTree.h */,
			);
			path = "Data Structure Practice";
			sourceTree = "<group>";
		};
		F203D3F81CB451ED0067A092 /* Supporting Files */ = {
			isa = PBXGroup;
			children = (
				F203D3F91CB451ED0067A092 /* main.m */,
			);
			name = "Supporting Files";
			sourceTree = "<group>";
		};
		F203D4111CB451ED0067A092 /* Data Structure PracticeTests */ = {
			isa = PBXGroup;
			children = (
				F21D03B41CE25AE6000D2EF9 /* SelfBalancingTree */,
				F203D4121CB451ED0067A092 /* Data_Structure_PracticeTests.m */,
				F203D4231CB453430067A092 /* MySinglyLinkedListTests.m */,
				F295E2A51CB5BEEE00A59E86 /* MyChainedHashTableTests.m */,
				F20154381CB84BDF00AB9955 /* MyQueueTests.m */,
				F201543A1CB8518A00AB9955 /* MyStackTests.m */,
				F22720A01CBC4F620018F104 /* MyBinaryTreeTests.m */,
				F203D4141CB451ED0067A092 /* Info.plist */,
				F22720A41CBD7F260018F104 /* MyBinarySearchTreeTests.m */,
				F25124CA1CC057380013D167 /* PracticeQuestions.m */,
				F2827FAE1CCAD03100726A38 /* StringPermutationsTests.m */,
				F24D67511CD02DCF00B25E3C /* BearAndSteadyGeneTests.m */,
				F2ABD9921CDF1700003EFC8A /* SnakesAndLadders */,
			);
			path = "Data Structure PracticeTests";
			sourceTree = "<group>";
		};
		F21D03B41CE25AE6000D2EF9 /* SelfBalancingTree */ = {
			isa = PBXGroup;
			children = (
				F21D03B51CE25AFE000D2EF9 /* SelfBalancingTreeTests.m */,
				F21D03B71CE25BBB000D2EF9 /* SelfBalancingTreeTestCase0Input.txt */,
				F21D03B91CE25BD0000D2EF9 /* SelfBalancingTreeTestCase0Output.txt */,
				F21D03BB1CE26B79000D2EF9 /* SelfBalancingTreeTestCase1Input.txt */,
				F21D03BD1CE26B92000D2EF9 /* SelfBalancingTreeTestCase1Output.txt */,
			);
			name = SelfBalancingTree;
			sourceTree = "<group>";
		};
		F2ABD9921CDF1700003EFC8A /* SnakesAndLadders */ = {
			isa = PBXGroup;
			children = (
				F2FE7C7F1CDAB87000C95101 /* SnakesAndLaddersTestCase0Input.txt */,
				F2574DEF1CDC009200A9054E /* SnakesAndLaddersTestCase0Output.txt */,
				F2FE7C841CDACAE300C95101 /* SnakesAndLaddersTestCase1Input.txt */,
				F2574DF11CDC00E300A9054E /* SnakesAndLaddersTestCase1Output.txt */,
				F2FE7C791CDAB45C00C95101 /* SnakesAndLaddersTests.m */,
				F2ABD9931CDF172B003EFC8A /* SnakesAndLaddersTestCase2Input.txt */,
				F2ABD9951CDF1745003EFC8A /* SnakesAndLaddersTestCase2Output.txt */,
				F2ABD9971CDF185A003EFC8A /* SnakesAndLaddersTestCase6Input.txt */,
				F2ABD9991CDF187F003EFC8A /* SnakesAndLaddersTestCase6Output.txt */,
				F2ABD99B1CDF18AB003EFC8A /* SnakesAndLaddersTestCase3Input.txt */,
				F2ABD99D1CDF18C1003EFC8A /* SnakesAndLaddersTestCase3Output.txt */,
				F2ABD9A21CDFE937003EFC8A /* SnakesAndLaddersTestCase4Input.txt */,
				F2ABD9A41CDFE965003EFC8A /* SnakesAndLaddersTestCase4Output.txt */,
				F2ABD9A61CDFEA3B003EFC8A /* SnakesAndLaddersTestCase5Input.txt */,
				F2ABD9A81CDFEA66003EFC8A /* SnakesAndLaddersTestCase5Output.txt */,
			);
			name = SnakesAndLadders;
			sourceTree = "<group>";
		};
/* End PBXGroup section */

/* Begin PBXNativeTarget section */
		F203D3F41CB451ED0067A092 /* Data Structure Practice */ = {
			isa = PBXNativeTarget;
			buildConfigurationList = F203D4171CB451ED0067A092 /* Build configuration list for PBXNativeTarget "Data Structure Practice" */;
			buildPhases = (
				F203D3F11CB451ED0067A092 /* Sources */,
				F203D3F21CB451ED0067A092 /* Frameworks */,
				F203D3F31CB451ED0067A092 /* Resources */,
			);
			buildRules = (
			);
			dependencies = (
			);
			name = "Data Structure Practice";
			productName = "Data Structure Practice";
			productReference = F203D3F51CB451ED0067A092 /* Data Structure Practice.app */;
			productType = "com.apple.product-type.application";
		};
		F203D40D1CB451ED0067A092 /* Data Structure PracticeTests */ = {
			isa = PBXNativeTarget;
			buildConfigurationList = F203D41A1CB451ED0067A092 /* Build configuration list for PBXNativeTarget "Data Structure PracticeTests" */;
			buildPhases = (
				F203D40A1CB451ED0067A092 /* Sources */,
				F203D40B1CB451ED0067A092 /* Frameworks */,
				F203D40C1CB451ED0067A092 /* Resources */,
			);
			buildRules = (
			);
			dependencies = (
				F203D4101CB451ED0067A092 /* PBXTargetDependency */,
			);
			name = "Data Structure PracticeTests";
			productName = "Data Structure PracticeTests";
			productReference = F203D40E1CB451ED0067A092 /* Data Structure PracticeTests.xctest */;
			productType = "com.apple.product-type.bundle.unit-test";
		};
/* End PBXNativeTarget section */

/* Begin PBXProject section */
		F203D3ED1CB451ED0067A092 /* Project object */ = {
			isa = PBXProject;
			attributes = {
				LastUpgradeCheck = 0730;
				ORGANIZATIONNAME = birdSound;
				TargetAttributes = {
					F203D3F41CB451ED0067A092 = {
						CreatedOnToolsVersion = 7.3;
					};
					F203D40D1CB451ED0067A092 = {
						CreatedOnToolsVersion = 7.3;
						TestTargetID = F203D3F41CB451ED0067A092;
					};
				};
			};
			buildConfigurationList = F203D3F01CB451ED0067A092 /* Build configuration list for PBXProject "Data Structure Practice" */;
			compatibilityVersion = "Xcode 3.2";
			developmentRegion = English;
			hasScannedForEncodings = 0;
			knownRegions = (
				en,
				Base,
			);
			mainGroup = F203D3EC1CB451ED0067A092;
			productRefGroup = F203D3F61CB451ED0067A092 /* Products */;
			projectDirPath = "";
			projectRoot = "";
			targets = (
				F203D3F41CB451ED0067A092 /* Data Structure Practice */,
				F203D40D1CB451ED0067A092 /* Data Structure PracticeTests */,
			);
		};
/* End PBXProject section */

/* Begin PBXResourcesBuildPhase section */
		F203D3F31CB451ED0067A092 /* Resources */ = {
			isa = PBXResourcesBuildPhase;
			buildActionMask = 2147483647;
			files = (
				F203D4081CB451ED0067A092 /* LaunchScreen.storyboard in Resources */,
				F203D4051CB451ED0067A092 /* Assets.xcassets in Resources */,
				F203D4031CB451ED0067A092 /* Main.storyboard in Resources */,
			);
			runOnlyForDeploymentPostprocessing = 0;
		};
		F203D40C1CB451ED0067A092 /* Resources */ = {
			isa = PBXResourcesBuildPhase;
			buildActionMask = 2147483647;
			files = (
				F2ABD99E1CDF18C1003EFC8A /* SnakesAndLaddersTestCase3Output.txt in Resources */,
				F2FE7C851CDACAE300C95101 /* SnakesAndLaddersTestCase1Input.txt in Resources */,
				F2574DF01CDC009200A9054E /* SnakesAndLaddersTestCase0Output.txt in Resources */,
				F2574DF21CDC00E300A9054E /* SnakesAndLaddersTestCase1Output.txt in Resources */,
				F2ABD9A31CDFE937003EFC8A /* SnakesAndLaddersTestCase4Input.txt in Resources */,
				F2ABD9A51CDFE965003EFC8A /* SnakesAndLaddersTestCase4Output.txt in Resources */,
				F21D03B81CE25BBB000D2EF9 /* SelfBalancingTreeTestCase0Input.txt in Resources */,
				F2ABD99A1CDF187F003EFC8A /* SnakesAndLaddersTestCase6Output.txt in Resources */,
				F21D03BA1CE25BD0000D2EF9 /* SelfBalancingTreeTestCase0Output.txt in Resources */,
				F21D03BC1CE26B79000D2EF9 /* SelfBalancingTreeTestCase1Input.txt in Resources */,
				F2ABD9A71CDFEA3B003EFC8A /* SnakesAndLaddersTestCase5Input.txt in Resources */,
				F2ABD99C1CDF18AB003EFC8A /* SnakesAndLaddersTestCase3Input.txt in Resources */,
				F2ABD9961CDF1745003EFC8A /* SnakesAndLaddersTestCase2Output.txt in Resources */,
				F2ABD9A91CDFEA66003EFC8A /* SnakesAndLaddersTestCase5Output.txt in Resources */,
				F2ABD9981CDF185A003EFC8A /* SnakesAndLaddersTestCase6Input.txt in Resources */,
				F21D03BE1CE26B92000D2EF9 /* SelfBalancingTreeTestCase1Output.txt in Resources */,
				F2ABD9941CDF172B003EFC8A /* SnakesAndLaddersTestCase2Input.txt in Resources */,
				F2FE7C801CDAB87000C95101 /* SnakesAndLaddersTestCase0Input.txt in Resources */,
			);
			runOnlyForDeploymentPostprocessing = 0;
		};
/* End PBXResourcesBuildPhase section */

/* Begin PBXSourcesBuildPhase section */
		F203D3F11CB451ED0067A092 /* Sources */ = {
			isa = PBXSourcesBuildPhase;
			buildActionMask = 2147483647;
			files = (
				F24D67501CD02BB400B25E3C /* BearAndSteadyGene.c in Sources */,
				F220C0A71CB5623300705F52 /* MyBinaryTrees.m in Sources */,
				F203D4001CB451ED0067A092 /* ViewController.m in Sources */,
				F220C0AA1CB5624600705F52 /* MyBinarySearchTrees.m in Sources */,
				F220C0AD1CB5639A00705F52 /* MyDoublyLinkedLists.m in Sources */,
				F2827FAC1CCACF4D00726A38 /* StringPermutations.m in Sources */,
				F220C0B01CB563A600705F52 /* MyHeaps.m in Sources */,
				F2FE7C7E1CDAB49000C95101 /* TestCaseIOUtils.c in Sources */,
				F21D03B31CE258F9000D2EF9 /* SelfBalancingTree.c in Sources */,
				F2FE7C831CDABFE600C95101 /* SnakesAndLadders.c in Sources */,
				F220C0A11CB5621100705F52 /* MyQueues.m in Sources */,
				F203D4221CB452AE0067A092 /* MySinglyLinkedLists.m in Sources */,
				F203D3FD1CB451ED0067A092 /* AppDelegate.m in Sources */,
				F220C09E1CB561EE00705F52 /* MyStacks.m in Sources */,
				F220C0A41CB5622500705F52 /* MyChainedHashTables.m in Sources */,
				F203D3FA1CB451ED0067A092 /* main.m in Sources */,
				F25124C81CC0310D0013D167 /* MyDataStructureUtils.m in Sources */,
				F2574DEE1CDBFE3D00A9054E /* TestingIOUtilities.m in Sources */,
			);
			runOnlyForDeploymentPostprocessing = 0;
		};
		F203D40A1CB451ED0067A092 /* Sources */ = {
			isa = PBXSourcesBuildPhase;
			buildActionMask = 2147483647;
			files = (
				F21D03B61CE25AFE000D2EF9 /* SelfBalancingTreeTests.m in Sources */,
				F2FE7C7A1CDAB45C00C95101 /* SnakesAndLaddersTests.m in Sources */,
				F22720A51CBD7F260018F104 /* MyBinarySearchTreeTests.m in Sources */,
				F2827FAF1CCAD03100726A38 /* StringPermutationsTests.m in Sources */,
				F20154391CB84BDF00AB9955 /* MyQueueTests.m in Sources */,
				F203D4241CB453430067A092 /* MySinglyLinkedListTests.m in Sources */,
				F24D67521CD02DCF00B25E3C /* BearAndSteadyGeneTests.m in Sources */,
				F295E2A61CB5BEEE00A59E86 /* MyChainedHashTableTests.m in Sources */,
				F25124CB1CC057380013D167 /* PracticeQuestions.m in Sources */,
				F201543B1CB8518A00AB9955 /* MyStackTests.m in Sources */,
				F22720A11CBC4F620018F104 /* MyBinaryTreeTests.m in Sources */,
				F203D4131CB451ED0067A092 /* Data_Structure_PracticeTests.m in Sources */,
			);
			runOnlyForDeploymentPostprocessing = 0;
		};
/* End PBXSourcesBuildPhase section */

/* Begin PBXTargetDependency section */
		F203D4101CB451ED0067A092 /* PBXTargetDependency */ = {
			isa = PBXTargetDependency;
			target = F203D3F41CB451ED0067A092 /* Data Structure Practice */;
			targetProxy = F203D40F1CB451ED0067A092 /* PBXContainerItemProxy */;
		};
/* End PBXTargetDependency section */

/* Begin PBXVariantGroup section */
		F203D4011CB451ED0067A092 /* Main.storyboard */ = {
			isa = PBXVariantGroup;
			children = (
				F203D4021CB451ED0067A092 /* Base */,
			);
			name = Main.storyboard;
			sourceTree = "<group>";
		};
		F203D4061CB451ED0067A092 /* LaunchScreen.storyboard */ = {
			isa = PBXVariantGroup;
			children = (
				F203D4071CB451ED0067A092 /* Base */,
			);
			name = LaunchScreen.storyboard;
			sourceTree = "<group>";
		};
/* End PBXVariantGroup section */

/* Begin XCBuildConfiguration section */
		F203D4151CB451ED0067A092 /* Debug */ = {
			isa = XCBuildConfiguration;
			buildSettings = {
				ALWAYS_SEARCH_USER_PATHS = NO;
				CLANG_ANALYZER_NONNULL = YES;
				CLANG_CXX_LANGUAGE_STANDARD = "gnu++0x";
				CLANG_CXX_LIBRARY = "libc++";
				CLANG_ENABLE_MODULES = YES;
				CLANG_ENABLE_OBJC_ARC = YES;
				CLANG_WARN_BOOL_CONVERSION = YES;
				CLANG_WARN_CONSTANT_CONVERSION = YES;
				CLANG_WARN_DIRECT_OBJC_ISA_USAGE = YES_ERROR;
				CLANG_WARN_EMPTY_BODY = YES;
				CLANG_WARN_ENUM_CONVERSION = YES;
				CLANG_WARN_INT_CONVERSION = YES;
				CLANG_WARN_OBJC_ROOT_CLASS = YES_ERROR;
				CLANG_WARN_UNREACHABLE_CODE = YES;
				CLANG_WARN__DUPLICATE_METHOD_MATCH = YES;
				"CODE_SIGN_IDENTITY[sdk=iphoneos*]" = "iPhone Developer";
				COPY_PHASE_STRIP = NO;
				DEBUG_INFORMATION_FORMAT = dwarf;
				ENABLE_STRICT_OBJC_MSGSEND = YES;
				ENABLE_TESTABILITY = YES;
				GCC_C_LANGUAGE_STANDARD = gnu99;
				GCC_DYNAMIC_NO_PIC = NO;
				GCC_NO_COMMON_BLOCKS = YES;
				GCC_OPTIMIZATION_LEVEL = 0;
				GCC_PREPROCESSOR_DEFINITIONS = (
					"DEBUG=1",
					"$(inherited)",
				);
				GCC_WARN_64_TO_32_BIT_CONVERSION = YES;
				GCC_WARN_ABOUT_RETURN_TYPE = YES_ERROR;
				GCC_WARN_UNDECLARED_SELECTOR = YES;
				GCC_WARN_UNINITIALIZED_AUTOS = YES_AGGRESSIVE;
				GCC_WARN_UNUSED_FUNCTION = YES;
				GCC_WARN_UNUSED_VARIABLE = YES;
				IPHONEOS_DEPLOYMENT_TARGET = 9.3;
				MTL_ENABLE_DEBUG_INFO = YES;
				ONLY_ACTIVE_ARCH = YES;
				SDKROOT = iphoneos;
				TARGETED_DEVICE_FAMILY = "1,2";
			};
			name = Debug;
		};
		F203D4161CB451ED0067A092 /* Release */ = {
			isa = XCBuildConfiguration;
			buildSettings = {
				ALWAYS_SEARCH_USER_PATHS = NO;
				CLANG_ANALYZER_NONNULL = YES;
				CLANG_CXX_LANGUAGE_STANDARD = "gnu++0x";
				CLANG_CXX_LIBRARY = "libc++";
				CLANG_ENABLE_MODULES = YES;
				CLANG_ENABLE_OBJC_ARC = YES;
				CLANG_WARN_BOOL_CONVERSION = YES;
				CLANG_WARN_CONSTANT_CONVERSION = YES;
				CLANG_WARN_DIRECT_OBJC_ISA_USAGE = YES_ERROR;
				CLANG_WARN_EMPTY_BODY = YES;
				CLANG_WARN_ENUM_CONVERSION = YES;
				CLANG_WARN_INT_CONVERSION = YES;
				CLANG_WARN_OBJC_ROOT_CLASS = YES_ERROR;
				CLANG_WARN_UNREACHABLE_CODE = YES;
				CLANG_WARN__DUPLICATE_METHOD_MATCH = YES;
				"CODE_SIGN_IDENTITY[sdk=iphoneos*]" = "iPhone Developer";
				COPY_PHASE_STRIP = NO;
				DEBUG_INFORMATION_FORMAT = "dwarf-with-dsym";
				ENABLE_NS_ASSERTIONS = NO;
				ENABLE_STRICT_OBJC_MSGSEND = YES;
				ENABLE_TESTABILITY = YES;
				GCC_C_LANGUAGE_STANDARD = gnu99;
				GCC_NO_COMMON_BLOCKS = YES;
				GCC_WARN_64_TO_32_BIT_CONVERSION = YES;
				GCC_WARN_ABOUT_RETURN_TYPE = YES_ERROR;
				GCC_WARN_UNDECLARED_SELECTOR = YES;
				GCC_WARN_UNINITIALIZED_AUTOS = YES_AGGRESSIVE;
				GCC_WARN_UNUSED_FUNCTION = YES;
				GCC_WARN_UNUSED_VARIABLE = YES;
				IPHONEOS_DEPLOYMENT_TARGET = 9.3;
				MTL_ENABLE_DEBUG_INFO = NO;
				SDKROOT = iphoneos;
				TARGETED_DEVICE_FAMILY = "1,2";
				VALIDATE_PRODUCT = YES;
			};
			name = Release;
		};
		F203D4181CB451ED0067A092 /* Debug */ = {
			isa = XCBuildConfiguration;
			buildSettings = {
				ASSETCATALOG_COMPILER_APPICON_NAME = AppIcon;
				INFOPLIST_FILE = "Data Structure Practice/Info.plist";
				LD_RUNPATH_SEARCH_PATHS = "$(inherited) @executable_path/Frameworks";
				PRODUCT_BUNDLE_IDENTIFIER = "birdSound.Data-Structure-Practice";
				PRODUCT_NAME = "$(TARGET_NAME)";
			};
			name = Debug;
		};
		F203D4191CB451ED0067A092 /* Release */ = {
			isa = XCBuildConfiguration;
			buildSettings = {
				ASSETCATALOG_COMPILER_APPICON_NAME = AppIcon;
				INFOPLIST_FILE = "Data Structure Practice/Info.plist";
				LD_RUNPATH_SEARCH_PATHS = "$(inherited) @executable_path/Frameworks";
				PRODUCT_BUNDLE_IDENTIFIER = "birdSound.Data-Structure-Practice";
				PRODUCT_NAME = "$(TARGET_NAME)";
			};
			name = Release;
		};
		F203D41B1CB451ED0067A092 /* Debug */ = {
			isa = XCBuildConfiguration;
			buildSettings = {
				BUNDLE_LOADER = "$(TEST_HOST)";
				INFOPLIST_FILE = "Data Structure PracticeTests/Info.plist";
				LD_RUNPATH_SEARCH_PATHS = "$(inherited) @executable_path/Frameworks @loader_path/Frameworks";
				PRODUCT_BUNDLE_IDENTIFIER = "birdSound.Data-Structure-PracticeTests";
				PRODUCT_NAME = "$(TARGET_NAME)";
				TEST_HOST = "$(BUILT_PRODUCTS_DIR)/Data Structure Practice.app/Data Structure Practice";
			};
			name = Debug;
		};
		F203D41C1CB451ED0067A092 /* Release */ = {
			isa = XCBuildConfiguration;
			buildSettings = {
				BUNDLE_LOADER = "$(TEST_HOST)";
				INFOPLIST_FILE = "Data Structure PracticeTests/Info.plist";
				LD_RUNPATH_SEARCH_PATHS = "$(inherited) @executable_path/Frameworks @loader_path/Frameworks";
				PRODUCT_BUNDLE_IDENTIFIER = "birdSound.Data-Structure-PracticeTests";
				PRODUCT_NAME = "$(TARGET_NAME)";
				TEST_HOST = "$(BUILT_PRODUCTS_DIR)/Data Structure Practice.app/Data Structure Practice";
			};
			name = Release;
		};
/* End XCBuildConfiguration section */

/* Begin XCConfigurationList section */
		F203D3F01CB451ED0067A092 /* Build configuration list for PBXProject "Data Structure Practice" */ = {
			isa = XCConfigurationList;
			buildConfigurations = (
				F203D4151CB451ED0067A092 /* Debug */,
				F203D4161CB451ED0067A092 /* Release */,
			);
			defaultConfigurationIsVisible = 0;
			defaultConfigurationName = Release;
		};
		F203D4171CB451ED0067A092 /* Build configuration list for PBXNativeTarget "Data Structure Practice" */ = {
			isa = XCConfigurationList;
			buildConfigurations = (
				F203D4181CB451ED0067A092 /* Debug */,
				F203D4191CB451ED0067A092 /* Release */,
			);
			defaultConfigurationIsVisible = 0;
			defaultConfigurationName = Release;
		};
		F203D41A1CB451ED0067A092 /* Build configuration list for PBXNativeTarget "Data Structure PracticeTests" */ = {
			isa = XCConfigurationList;
			buildConfigurations = (
				F203D41B1CB451ED0067A092 /* Debug */,
				F203D41C1CB451ED0067A092 /* Release */,
			);
			defaultConfigurationIsVisible = 0;
			defaultConfigurationName = Release;
		};
/* End XCConfigurationList section */
	};
	rootObject = F203D3ED1CB451ED0067A092 /* Project object */;
}
